
Microsoft Visual Studio Solution File, Format Version 12.00
# Visual Studio Version 17
VisualStudioVersion = 17.3.32929.385
MinimumVisualStudioVersion = 10.0.40219.1
Project("{FAE04EC0-301F-11D3-BF4B-00C04F79EFBC}") = "WinFormPract", "WinFormPract\WinFormPract.csproj", "{632B1C27-47D3-4EFE-A585-51FE61EC4B37}"
EndProject
Global
	GlobalSection(SolutionConfigurationPlatforms) = preSolution
		Debug|Any CPU = Debug|Any CPU
		Release|Any CPU = Release|Any CPU
	EndGlobalSection
	GlobalSection(ProjectConfigurationPlatforms) = postSolution
		{632B1C27-47D3-4EFE-A585-51FE61EC4B37}.Debug|Any CPU.ActiveCfg = Debug|Any CPU
		{632B1C27-47D3-4EFE-A585-51FE61EC4B37}.Debug|Any CPU.Build.0 = Debug|Any CPU
		{632B1C27-47D3-4EFE-A585-51FE61EC4B37}.Release|Any CPU.ActiveCfg = Release|Any CPU
		{632B1C27-47D3-4EFE-A585-51FE61EC4B37}.Release|Any CPU.Build.0 = Release|Any CPU
	EndGlobalSection
	GlobalSection(SolutionProperties) = preSolution
		HideSolutionNode = FALSE
	EndGlobalSection
	GlobalSection(ExtensibilityGlobals) = postSolution
		SolutionGuid = {14492EC5-D4F6-4CDE-9F4C-AE3E92ECD8EC}
	EndGlobalSection
EndGlobal
